// !$*UTF8*$!
{
	archiveVersion = 1;
	classes = {
	};
	objectVersion = 77;
	objects = {

/* Begin PBXBuildFile section */
		0A385EEA3E173986303CC22D /* BoardStore.swift in Sources */ = {isa = PBXBuildFile; fileRef = 7BA69CF4CB9B225FEE698F58 /* BoardStore.swift */; };
		0EA78D4A1636D179F473B162 /* SnapshotTesting in Frameworks */ = {isa = PBXBuildFile; productRef = 4148D17EBFB395CB2B006372 /* SnapshotTesting */; };
		115F5CC9BAEA624D0F83220B /* PrepFlowBoardSnapshotTests.swift in Sources */ = {isa = PBXBuildFile; fileRef = 20FB619D263BE69F92375958 /* PrepFlowBoardSnapshotTests.swift */; };
		1C221DC5AB261095D63D2248 /* Satoshi-Bold.otf in Resources */ = {isa = PBXBuildFile; fileRef = 1E8024E8CB189E23F4982511 /* Satoshi-Bold.otf */; };
		24C2A1AB159FCA1A9B8EF01B /* PrepFlowApp.swift in Sources */ = {isa = PBXBuildFile; fileRef = 7B82BFD34B2D5E12CB1D3F85 /* PrepFlowApp.swift */; };
		44AE6862E4A347D4358F4DBC /* testBoardNowMatchesSourceWire.p0-wireframe-board-liquidglass.png in Resources */ = {isa = PBXBuildFile; fileRef = C2D401BFA3A05A805D2B8082 /* testBoardNowMatchesSourceWire.p0-wireframe-board-liquidglass.png */; };
		44ED5034C58B252DAE1A2961 /* PrepFlowData in Frameworks */ = {isa = PBXBuildFile; productRef = 475D07E15555007BBAEB0322 /* PrepFlowData */; };
		4DD818536F930138D05EEB4F /* CatalogModels.swift in Sources */ = {isa = PBXBuildFile; fileRef = B0A4C654FDBB9C10305B86A2 /* CatalogModels.swift */; };
		5457F18F13DE5E64A1617C22 /* BoardChrome.swift in Sources */ = {isa = PBXBuildFile; fileRef = 1CFEF01BB3C11B19998854F9 /* BoardChrome.swift */; };
		58109CF317BBC81A0786534E /* testSimulationMatchesSourceWire.p0-wireframe-simulation-liquidglass.png in Resources */ = {isa = PBXBuildFile; fileRef = D5B23AA2FA68F4777FA801A8 /* testSimulationMatchesSourceWire.p0-wireframe-simulation-liquidglass.png */; };
		62004F4353B493326DF16A9B /* Engine in Frameworks */ = {isa = PBXBuildFile; productRef = 8A23825344FB0224673C2952 /* Engine */; };
		66F86B248AD3BC76AD7643C7 /* ServiceSetupView.swift in Sources */ = {isa = PBXBuildFile; fileRef = C3540741D5AF32E9BAC03591 /* ServiceSetupView.swift */; };
		6706FD59C216B5567FA82653 /* testBoardStaffMatchesSourceWire.p1-wireframe-view-staff-liquidglass.png in Resources */ = {isa = PBXBuildFile; fileRef = 42255E5C40BB5F7EDF94AC33 /* testBoardStaffMatchesSourceWire.p1-wireframe-view-staff-liquidglass.png */; };
		6A3C5C961876C0572C6C7186 /* AuthGateView.swift in Sources */ = {isa = PBXBuildFile; fileRef = 8780922CD2E347241C741311 /* AuthGateView.swift */; };
		73477B350D4FCD321744A2BF /* CatalogEditorView.swift in Sources */ = {isa = PBXBuildFile; fileRef = 5465D8F87788C6C0613324CC /* CatalogEditorView.swift */; };
		75C85E360C79723E73497EF2 /* Engine in Frameworks */ = {isa = PBXBuildFile; productRef = 6043540F4C5A1B1E89EE6563 /* Engine */; };
		7C8A763AFD30F5D825D87E81 /* GRDB in Frameworks */ = {isa = PBXBuildFile; productRef = 4B5BE6B6F56F2F54D5ACF099 /* GRDB */; };
		7F4E0F5B97E84441176D6D33 /* SimulationModels.swift in Sources */ = {isa = PBXBuildFile; fileRef = F780AC7A73B5DFE2E8F20871 /* SimulationModels.swift */; };
		872FE0E484B12D748605FC06 /* DesignTokens in Frameworks */ = {isa = PBXBuildFile; productRef = EBCEF50B54D8E7617B365016 /* DesignTokens */; };
		921A121D9EA57588A2360CD5 /* testActivationMatchesSourceWire.p0-wireframe-activation-liquidglass.png in Resources */ = {isa = PBXBuildFile; fileRef = F144098AFB80D6C627433D5E /* testActivationMatchesSourceWire.p0-wireframe-activation-liquidglass.png */; };
		9D784EE7760D64512B3F6F06 /* Satoshi-Black.otf in Resources */ = {isa = PBXBuildFile; fileRef = 03CE1CF2034F35830A9F3A4F /* Satoshi-Black.otf */; };
		A48C354FA5CDD05BEB8456E6 /* AuthModels.swift in Sources */ = {isa = PBXBuildFile; fileRef = 3327FF738A048B2C80FAF156 /* AuthModels.swift */; };
		C3CDC9E06760AEA822A5C947 /* ServiceModels.swift in Sources */ = {isa = PBXBuildFile; fileRef = 158C785A883E7211F12E5F61 /* ServiceModels.swift */; };
		CA80FEA766F767E4C624958C /* testAuthGateMatchesSourceWire.p0-wireframe-onboarding-liquidglass.png in Resources */ = {isa = PBXBuildFile; fileRef = 966B299E28E3D1F5BE3C43A6 /* testAuthGateMatchesSourceWire.p0-wireframe-onboarding-liquidglass.png */; };
		D684E7F45CDB92D058F53D2D /* AppDatabaseFactory.swift in Sources */ = {isa = PBXBuildFile; fileRef = F82B4A43BA7BBFA011948A55 /* AppDatabaseFactory.swift */; };
		D8EBB7B420543C6744B0146B /* testCatalogEditorMatchesSourceWire.p1-wireframe-template-editor-liquidglass.png in Resources */ = {isa = PBXBuildFile; fileRef = 1112E428E610DA87D42F71C6 /* testCatalogEditorMatchesSourceWire.p1-wireframe-template-editor-liquidglass.png */; };
		DDA7B5565CD513E520C1F172 /* PrepFlowData in Frameworks */ = {isa = PBXBuildFile; productRef = 88998BC35820AF2F6BF224FE /* PrepFlowData */; };
		DEC9978F1B2CAFD6A3BC16AC /* Satoshi-Regular.otf in Resources */ = {isa = PBXBuildFile; fileRef = CC115886C18221CAA1D153E1 /* Satoshi-Regular.otf */; };
		E096E5FCDAC792FE17B0D439 /* SettingsHomeView.swift in Sources */ = {isa = PBXBuildFile; fileRef = 9525A3E214A2D16B8F90177E /* SettingsHomeView.swift */; };
		E7084184228316B3B3BF78BE /* Satoshi-Medium.otf in Resources */ = {isa = PBXBuildFile; fileRef = A724BCCD2A6C5ADF4A312A49 /* Satoshi-Medium.otf */; };
		E789FD6DF8500E40EFE8EAEC /* ContentView.swift in Sources */ = {isa = PBXBuildFile; fileRef = 8525C1B79B16EE3835FF73CD /* ContentView.swift */; };
		ED62F91A74E0348868E44E3D /* SimulationViews.swift in Sources */ = {isa = PBXBuildFile; fileRef = 375C2C31DB9266918E76EC7A /* SimulationViews.swift */; };
		F10D698E85E05A627CF8F3B3 /* testServiceSetupMatchesSourceWire.p0-wireframe-service-setup-liquidglass.png in Resources */ = {isa = PBXBuildFile; fileRef = FC1D15A8344968EC59398CC7 /* testServiceSetupMatchesSourceWire.p0-wireframe-service-setup-liquidglass.png */; };
		FD9FB9508164B05D43116E9F /* testBoardDishesMatchesSourceWire.p1-wireframe-view-dishes-liquidglass.png in Resources */ = {isa = PBXBuildFile; fileRef = EB92148BA1CF0220C904BFE9 /* testBoardDishesMatchesSourceWire.p1-wireframe-view-dishes-liquidglass.png */; };
/* End PBXBuildFile section */

/* Begin PBXContainerItemProxy section */
		44D462B00570A3BE4AC9BB8E /* PBXContainerItemProxy */ = {
			isa = PBXContainerItemProxy;
			containerPortal = 92E7D620C60D7B855CE99749 /* Project object */;
			proxyType = 1;
			remoteGlobalIDString = A308057C2AADE0E99D80AAF4;
			remoteInfo = PrepFlow;
		};
/* End PBXContainerItemProxy section */

/* Begin PBXFileReference section */
		03CE1CF2034F35830A9F3A4F /* Satoshi-Black.otf */ = {isa = PBXFileReference; lastKnownFileType = file; path = "Satoshi-Black.otf"; sourceTree = "<group>"; };
		080558E37E7B2666546EC2EE /* DesignTokens */ = {isa = PBXFileReference; lastKnownFileType = folder; name = DesignTokens; path = ../../packages/DesignTokens; sourceTree = SOURCE_ROOT; };
		082E594F1023B0F9BE0A0504 /* PrepFlow.app */ = {isa = PBXFileReference; includeInIndex = 0; lastKnownFileType = wrapper.application; path = PrepFlow.app; sourceTree = BUILT_PRODUCTS_DIR; };
		1112E428E610DA87D42F71C6 /* testCatalogEditorMatchesSourceWire.p1-wireframe-template-editor-liquidglass.png */ = {isa = PBXFileReference; lastKnownFileType = image.png; path = "testCatalogEditorMatchesSourceWire.p1-wireframe-template-editor-liquidglass.png"; sourceTree = "<group>"; };
		158C785A883E7211F12E5F61 /* ServiceModels.swift */ = {isa = PBXFileReference; lastKnownFileType = sourcecode.swift; path = ServiceModels.swift; sourceTree = "<group>"; };
		1CFEF01BB3C11B19998854F9 /* BoardChrome.swift */ = {isa = PBXFileReference; lastKnownFileType = sourcecode.swift; path = BoardChrome.swift; sourceTree = "<group>"; };
		1E8024E8CB189E23F4982511 /* Satoshi-Bold.otf */ = {isa = PBXFileReference; lastKnownFileType = file; path = "Satoshi-Bold.otf"; sourceTree = "<group>"; };
		20FB619D263BE69F92375958 /* PrepFlowBoardSnapshotTests.swift */ = {isa = PBXFileReference; lastKnownFileType = sourcecode.swift; path = PrepFlowBoardSnapshotTests.swift; sourceTree = "<group>"; };
		3327FF738A048B2C80FAF156 /* AuthModels.swift */ = {isa = PBXFileReference; lastKnownFileType = sourcecode.swift; path = AuthModels.swift; sourceTree = "<group>"; };
		375C2C31DB9266918E76EC7A /* SimulationViews.swift */ = {isa = PBXFileReference; lastKnownFileType = sourcecode.swift; path = SimulationViews.swift; sourceTree = "<group>"; };
		42255E5C40BB5F7EDF94AC33 /* testBoardStaffMatchesSourceWire.p1-wireframe-view-staff-liquidglass.png */ = {isa = PBXFileReference; lastKnownFileType = image.png; path = "testBoardStaffMatchesSourceWire.p1-wireframe-view-staff-liquidglass.png"; sourceTree = "<group>"; };
		5465D8F87788C6C0613324CC /* CatalogEditorView.swift */ = {isa = PBXFileReference; lastKnownFileType = sourcecode.swift; path = CatalogEditorView.swift; sourceTree = "<group>"; };
		5528DF21BB6FDC5799A98B13 /* Engine */ = {isa = PBXFileReference; lastKnownFileType = folder; name = Engine; path = ../../packages/Engine; sourceTree = SOURCE_ROOT; };
		5E4D97785FC434739FB783F4 /* Info.plist */ = {isa = PBXFileReference; lastKnownFileType = text.plist; path = Info.plist; sourceTree = "<group>"; };
		6C0BD61D51C6F729BED11418 /* PrepFlowSnapshotTests.xctest */ = {isa = PBXFileReference; includeInIndex = 0; lastKnownFileType = wrapper.cfbundle; path = PrepFlowSnapshotTests.xctest; sourceTree = BUILT_PRODUCTS_DIR; };
		7B82BFD34B2D5E12CB1D3F85 /* PrepFlowApp.swift */ = {isa = PBXFileReference; lastKnownFileType = sourcecode.swift; path = PrepFlowApp.swift; sourceTree = "<group>"; };
		7BA69CF4CB9B225FEE698F58 /* BoardStore.swift */ = {isa = PBXFileReference; lastKnownFileType = sourcecode.swift; path = BoardStore.swift; sourceTree = "<group>"; };
		8525C1B79B16EE3835FF73CD /* ContentView.swift */ = {isa = PBXFileReference; lastKnownFileType = sourcecode.swift; path = ContentView.swift; sourceTree = "<group>"; };
		8780922CD2E347241C741311 /* AuthGateView.swift */ = {isa = PBXFileReference; lastKnownFileType = sourcecode.swift; path = AuthGateView.swift; sourceTree = "<group>"; };
		9525A3E214A2D16B8F90177E /* SettingsHomeView.swift */ = {isa = PBXFileReference; lastKnownFileType = sourcecode.swift; path = SettingsHomeView.swift; sourceTree = "<group>"; };
		966B299E28E3D1F5BE3C43A6 /* testAuthGateMatchesSourceWire.p0-wireframe-onboarding-liquidglass.png */ = {isa = PBXFileReference; lastKnownFileType = image.png; path = "testAuthGateMatchesSourceWire.p0-wireframe-onboarding-liquidglass.png"; sourceTree = "<group>"; };
		A724BCCD2A6C5ADF4A312A49 /* Satoshi-Medium.otf */ = {isa = PBXFileReference; lastKnownFileType = file; path = "Satoshi-Medium.otf"; sourceTree = "<group>"; };
		B0A4C654FDBB9C10305B86A2 /* CatalogModels.swift */ = {isa = PBXFileReference; lastKnownFileType = sourcecode.swift; path = CatalogModels.swift; sourceTree = "<group>"; };
		B93D69111C39D44B54F1F1AC /* Data */ = {isa = PBXFileReference; lastKnownFileType = folder; name = Data; path = ../../packages/Data; sourceTree = SOURCE_ROOT; };
		C2D401BFA3A05A805D2B8082 /* testBoardNowMatchesSourceWire.p0-wireframe-board-liquidglass.png */ = {isa = PBXFileReference; lastKnownFileType = image.png; path = "testBoardNowMatchesSourceWire.p0-wireframe-board-liquidglass.png"; sourceTree = "<group>"; };
		C3540741D5AF32E9BAC03591 /* ServiceSetupView.swift */ = {isa = PBXFileReference; lastKnownFileType = sourcecode.swift; path = ServiceSetupView.swift; sourceTree = "<group>"; };
		CC115886C18221CAA1D153E1 /* Satoshi-Regular.otf */ = {isa = PBXFileReference; lastKnownFileType = file; path = "Satoshi-Regular.otf"; sourceTree = "<group>"; };
		D5B23AA2FA68F4777FA801A8 /* testSimulationMatchesSourceWire.p0-wireframe-simulation-liquidglass.png */ = {isa = PBXFileReference; lastKnownFileType = image.png; path = "testSimulationMatchesSourceWire.p0-wireframe-simulation-liquidglass.png"; sourceTree = "<group>"; };
		EB92148BA1CF0220C904BFE9 /* testBoardDishesMatchesSourceWire.p1-wireframe-view-dishes-liquidglass.png */ = {isa = PBXFileReference; lastKnownFileType = image.png; path = "testBoardDishesMatchesSourceWire.p1-wireframe-view-dishes-liquidglass.png"; sourceTree = "<group>"; };
		F144098AFB80D6C627433D5E /* testActivationMatchesSourceWire.p0-wireframe-activation-liquidglass.png */ = {isa = PBXFileReference; lastKnownFileType = image.png; path = "testActivationMatchesSourceWire.p0-wireframe-activation-liquidglass.png"; sourceTree = "<group>"; };
		F780AC7A73B5DFE2E8F20871 /* SimulationModels.swift */ = {isa = PBXFileReference; lastKnownFileType = sourcecode.swift; path = SimulationModels.swift; sourceTree = "<group>"; };
		F82B4A43BA7BBFA011948A55 /* AppDatabaseFactory.swift */ = {isa = PBXFileReference; lastKnownFileType = sourcecode.swift; path = AppDatabaseFactory.swift; sourceTree = "<group>"; };
		FC1D15A8344968EC59398CC7 /* testServiceSetupMatchesSourceWire.p0-wireframe-service-setup-liquidglass.png */ = {isa = PBXFileReference; lastKnownFileType = image.png; path = "testServiceSetupMatchesSourceWire.p0-wireframe-service-setup-liquidglass.png"; sourceTree = "<group>"; };
/* End PBXFileReference section */

/* Begin PBXFrameworksBuildPhase section */
		8E5ADA714F8620F20460648E /* Frameworks */ = {
			isa = PBXFrameworksBuildPhase;
			buildActionMask = 2147483647;
			files = (
				62004F4353B493326DF16A9B /* Engine in Frameworks */,
				44ED5034C58B252DAE1A2961 /* PrepFlowData in Frameworks */,
				0EA78D4A1636D179F473B162 /* SnapshotTesting in Frameworks */,
			);
			runOnlyForDeploymentPostprocessing = 0;
		};
		DA8F9E21262A303CB2CB4CCD /* Frameworks */ = {
			isa = PBXFrameworksBuildPhase;
			buildActionMask = 2147483647;
			files = (
				75C85E360C79723E73497EF2 /* Engine in Frameworks */,
				872FE0E484B12D748605FC06 /* DesignTokens in Frameworks */,
				DDA7B5565CD513E520C1F172 /* PrepFlowData in Frameworks */,
				7C8A763AFD30F5D825D87E81 /* GRDB in Frameworks */,
			);
			runOnlyForDeploymentPostprocessing = 0;
		};
/* End PBXFrameworksBuildPhase section */

/* Begin PBXGroup section */
		2E614E42959F10BC2E58D35F /* Sources */ = {
			isa = PBXGroup;
			children = (
				B365FB3ADADB4E79A21A14FA /* PrepFlow */,
			);
			path = Sources;
			sourceTree = "<group>";
		};
		38526B0E41C6BAA37FA9422F /* PrepFlowSnapshotTests */ = {
			isa = PBXGroup;
			children = (
				20FB619D263BE69F92375958 /* PrepFlowBoardSnapshotTests.swift */,
				D318247032B3BC78DC70F1D6 /* __Snapshots__ */,
			);
			name = PrepFlowSnapshotTests;
			path = Tests/PrepFlowSnapshotTests;
			sourceTree = "<group>";
		};
		555CD3973D8FB8725EF4987A = {
			isa = PBXGroup;
			children = (
				779E82CD3933AFC321E1A699 /* Packages */,
				38526B0E41C6BAA37FA9422F /* PrepFlowSnapshotTests */,
				2E614E42959F10BC2E58D35F /* Sources */,
				A67A2F262A2E725688B1631E /* Products */,
			);
			sourceTree = "<group>";
		};
		779E82CD3933AFC321E1A699 /* Packages */ = {
			isa = PBXGroup;
			children = (
				B93D69111C39D44B54F1F1AC /* Data */,
				080558E37E7B2666546EC2EE /* DesignTokens */,
				5528DF21BB6FDC5799A98B13 /* Engine */,
			);
			name = Packages;
			sourceTree = "<group>";
		};
		A67A2F262A2E725688B1631E /* Products */ = {
			isa = PBXGroup;
			children = (
				082E594F1023B0F9BE0A0504 /* PrepFlow.app */,
				6C0BD61D51C6F729BED11418 /* PrepFlowSnapshotTests.xctest */,
			);
			name = Products;
			sourceTree = "<group>";
		};
		AF8358D1F22DFCBA783A2E70 /* Fonts */ = {
			isa = PBXGroup;
			children = (
				03CE1CF2034F35830A9F3A4F /* Satoshi-Black.otf */,
				1E8024E8CB189E23F4982511 /* Satoshi-Bold.otf */,
				A724BCCD2A6C5ADF4A312A49 /* Satoshi-Medium.otf */,
				CC115886C18221CAA1D153E1 /* Satoshi-Regular.otf */,
			);
			path = Fonts;
			sourceTree = "<group>";
		};
		B365FB3ADADB4E79A21A14FA /* PrepFlow */ = {
			isa = PBXGroup;
			children = (
				F82B4A43BA7BBFA011948A55 /* AppDatabaseFactory.swift */,
				8780922CD2E347241C741311 /* AuthGateView.swift */,
				3327FF738A048B2C80FAF156 /* AuthModels.swift */,
				1CFEF01BB3C11B19998854F9 /* BoardChrome.swift */,
				7BA69CF4CB9B225FEE698F58 /* BoardStore.swift */,
				5465D8F87788C6C0613324CC /* CatalogEditorView.swift */,
				B0A4C654FDBB9C10305B86A2 /* CatalogModels.swift */,
				8525C1B79B16EE3835FF73CD /* ContentView.swift */,
				5E4D97785FC434739FB783F4 /* Info.plist */,
				7B82BFD34B2D5E12CB1D3F85 /* PrepFlowApp.swift */,
				158C785A883E7211F12E5F61 /* ServiceModels.swift */,
				C3540741D5AF32E9BAC03591 /* ServiceSetupView.swift */,
				9525A3E214A2D16B8F90177E /* SettingsHomeView.swift */,
				F780AC7A73B5DFE2E8F20871 /* SimulationModels.swift */,
				375C2C31DB9266918E76EC7A /* SimulationViews.swift */,
				FB52AB6D6516D8017C715ED6 /* Resources */,
			);
			path = PrepFlow;
			sourceTree = "<group>";
		};
		B9115E42461929C8EA88BCB7 /* PrepFlowBoardSnapshotTests */ = {
			isa = PBXGroup;
			children = (
				F144098AFB80D6C627433D5E /* testActivationMatchesSourceWire.p0-wireframe-activation-liquidglass.png */,
				966B299E28E3D1F5BE3C43A6 /* testAuthGateMatchesSourceWire.p0-wireframe-onboarding-liquidglass.png */,
				EB92148BA1CF0220C904BFE9 /* testBoardDishesMatchesSourceWire.p1-wireframe-view-dishes-liquidglass.png */,
				C2D401BFA3A05A805D2B8082 /* testBoardNowMatchesSourceWire.p0-wireframe-board-liquidglass.png */,
				42255E5C40BB5F7EDF94AC33 /* testBoardStaffMatchesSourceWire.p1-wireframe-view-staff-liquidglass.png */,
				1112E428E610DA87D42F71C6 /* testCatalogEditorMatchesSourceWire.p1-wireframe-template-editor-liquidglass.png */,
				FC1D15A8344968EC59398CC7 /* testServiceSetupMatchesSourceWire.p0-wireframe-service-setup-liquidglass.png */,
				D5B23AA2FA68F4777FA801A8 /* testSimulationMatchesSourceWire.p0-wireframe-simulation-liquidglass.png */,
			);
			path = PrepFlowBoardSnapshotTests;
			sourceTree = "<group>";
		};
		D318247032B3BC78DC70F1D6 /* __Snapshots__ */ = {
			isa = PBXGroup;
			children = (
				B9115E42461929C8EA88BCB7 /* PrepFlowBoardSnapshotTests */,
			);
			path = __Snapshots__;
			sourceTree = "<group>";
		};
		FB52AB6D6516D8017C715ED6 /* Resources */ = {
			isa = PBXGroup;
			children = (
				AF8358D1F22DFCBA783A2E70 /* Fonts */,
			);
			path = Resources;
			sourceTree = "<group>";
		};
/* End PBXGroup section */

/* Begin PBXNativeTarget section */
		9A747E71F4FA6293589DFE81 /* PrepFlowSnapshotTests */ = {
			isa = PBXNativeTarget;
			buildConfigurationList = 6BF55EA1CC5AA1891C6F4CFD /* Build configuration list for PBXNativeTarget "PrepFlowSnapshotTests" */;
			buildPhases = (
				EBD469D4B961D42E7188CC53 /* Sources */,
				F03601230B2E91F36F937E1B /* Resources */,
				8E5ADA714F8620F20460648E /* Frameworks */,
			);
			buildRules = (
			);
			dependencies = (
				A335D88F56CC863A33DC3297 /* PBXTargetDependency */,
			);
			name = PrepFlowSnapshotTests;
			packageProductDependencies = (
				8A23825344FB0224673C2952 /* Engine */,
				475D07E15555007BBAEB0322 /* PrepFlowData */,
				4148D17EBFB395CB2B006372 /* SnapshotTesting */,
			);
			productName = PrepFlowSnapshotTests;
			productReference = 6C0BD61D51C6F729BED11418 /* PrepFlowSnapshotTests.xctest */;
			productType = "com.apple.product-type.bundle.unit-test";
		};
		A308057C2AADE0E99D80AAF4 /* PrepFlow */ = {
			isa = PBXNativeTarget;
			buildConfigurationList = 1857AAD3437DD15CB7479637 /* Build configuration list for PBXNativeTarget "PrepFlow" */;
			buildPhases = (
				4640D3C8011B29FF45A814BF /* Sources */,
				4A44F27DB76ED2EB8F2FAE5B /* Resources */,
				DA8F9E21262A303CB2CB4CCD /* Frameworks */,
			);
			buildRules = (
			);
			dependencies = (
			);
			name = PrepFlow;
			packageProductDependencies = (
				6043540F4C5A1B1E89EE6563 /* Engine */,
				EBCEF50B54D8E7617B365016 /* DesignTokens */,
				88998BC35820AF2F6BF224FE /* PrepFlowData */,
				4B5BE6B6F56F2F54D5ACF099 /* GRDB */,
			);
			productName = PrepFlow;
			productReference = 082E594F1023B0F9BE0A0504 /* PrepFlow.app */;
			productType = "com.apple.product-type.application";
		};
/* End PBXNativeTarget section */

/* Begin PBXProject section */
		92E7D620C60D7B855CE99749 /* Project object */ = {
			isa = PBXProject;
			attributes = {
				BuildIndependentTargetsInParallel = YES;
				LastUpgradeCheck = 1430;
				TargetAttributes = {
				};
			};
			buildConfigurationList = 2AD88BE5F6FC08D362309B92 /* Build configuration list for PBXProject "PrepFlow" */;
			developmentRegion = en;
			hasScannedForEncodings = 0;
			knownRegions = (
				Base,
				en,
			);
			mainGroup = 555CD3973D8FB8725EF4987A;
			minimizedProjectReferenceProxies = 1;
			packageReferences = (
				C6C0EC4F51C13B17240CD7BB /* XCRemoteSwiftPackageReference "GRDB.swift" */,
				DD60AEB93090132F9F74C244 /* XCRemoteSwiftPackageReference "swift-snapshot-testing" */,
				1A55304835E7B129614A6BFB /* XCLocalSwiftPackageReference "../../packages/DesignTokens" */,
				D9084B662DFD57D3E371936F /* XCLocalSwiftPackageReference "../../packages/Engine" */,
				8177316BF035120366801A11 /* XCLocalSwiftPackageReference "../../packages/Data" */,
			);
			preferredProjectObjectVersion = 77;
			productRefGroup = A67A2F262A2E725688B1631E /* Products */;
			projectDirPath = "";
			projectRoot = "";
			targets = (
				A308057C2AADE0E99D80AAF4 /* PrepFlow */,
				9A747E71F4FA6293589DFE81 /* PrepFlowSnapshotTests */,
			);
		};
/* End PBXProject section */

/* Begin PBXResourcesBuildPhase section */
		4A44F27DB76ED2EB8F2FAE5B /* Resources */ = {
			isa = PBXResourcesBuildPhase;
			buildActionMask = 2147483647;
			files = (
				9D784EE7760D64512B3F6F06 /* Satoshi-Black.otf in Resources */,
				1C221DC5AB261095D63D2248 /* Satoshi-Bold.otf in Resources */,
				E7084184228316B3B3BF78BE /* Satoshi-Medium.otf in Resources */,
				DEC9978F1B2CAFD6A3BC16AC /* Satoshi-Regular.otf in Resources */,
			);
			runOnlyForDeploymentPostprocessing = 0;
		};
		F03601230B2E91F36F937E1B /* Resources */ = {
			isa = PBXResourcesBuildPhase;
			buildActionMask = 2147483647;
			files = (
				921A121D9EA57588A2360CD5 /* testActivationMatchesSourceWire.p0-wireframe-activation-liquidglass.png in Resources */,
				CA80FEA766F767E4C624958C /* testAuthGateMatchesSourceWire.p0-wireframe-onboarding-liquidglass.png in Resources */,
				FD9FB9508164B05D43116E9F /* testBoardDishesMatchesSourceWire.p1-wireframe-view-dishes-liquidglass.png in Resources */,
				44AE6862E4A347D4358F4DBC /* testBoardNowMatchesSourceWire.p0-wireframe-board-liquidglass.png in Resources */,
				6706FD59C216B5567FA82653 /* testBoardStaffMatchesSourceWire.p1-wireframe-view-staff-liquidglass.png in Resources */,
				D8EBB7B420543C6744B0146B /* testCatalogEditorMatchesSourceWire.p1-wireframe-template-editor-liquidglass.png in Resources */,
				F10D698E85E05A627CF8F3B3 /* testServiceSetupMatchesSourceWire.p0-wireframe-service-setup-liquidglass.png in Resources */,
				58109CF317BBC81A0786534E /* testSimulationMatchesSourceWire.p0-wireframe-simulation-liquidglass.png in Resources */,
			);
			runOnlyForDeploymentPostprocessing = 0;
		};
/* End PBXResourcesBuildPhase section */

/* Begin PBXSourcesBuildPhase section */
		4640D3C8011B29FF45A814BF /* Sources */ = {
			isa = PBXSourcesBuildPhase;
			buildActionMask = 2147483647;
			files = (
				D684E7F45CDB92D058F53D2D /* AppDatabaseFactory.swift in Sources */,
				6A3C5C961876C0572C6C7186 /* AuthGateView.swift in Sources */,
				A48C354FA5CDD05BEB8456E6 /* AuthModels.swift in Sources */,
				5457F18F13DE5E64A1617C22 /* BoardChrome.swift in Sources */,
				0A385EEA3E173986303CC22D /* BoardStore.swift in Sources */,
				73477B350D4FCD321744A2BF /* CatalogEditorView.swift in Sources */,
				4DD818536F930138D05EEB4F /* CatalogModels.swift in Sources */,
				E789FD6DF8500E40EFE8EAEC /* ContentView.swift in Sources */,
				24C2A1AB159FCA1A9B8EF01B /* PrepFlowApp.swift in Sources */,
				C3CDC9E06760AEA822A5C947 /* ServiceModels.swift in Sources */,
				66F86B248AD3BC76AD7643C7 /* ServiceSetupView.swift in Sources */,
				E096E5FCDAC792FE17B0D439 /* SettingsHomeView.swift in Sources */,
				7F4E0F5B97E84441176D6D33 /* SimulationModels.swift in Sources */,
				ED62F91A74E0348868E44E3D /* SimulationViews.swift in Sources */,
			);
			runOnlyForDeploymentPostprocessing = 0;
		};
		EBD469D4B961D42E7188CC53 /* Sources */ = {
			isa = PBXSourcesBuildPhase;
			buildActionMask = 2147483647;
			files = (
				115F5CC9BAEA624D0F83220B /* PrepFlowBoardSnapshotTests.swift in Sources */,
			);
			runOnlyForDeploymentPostprocessing = 0;
		};
/* End PBXSourcesBuildPhase section */

/* Begin PBXTargetDependency section */
		A335D88F56CC863A33DC3297 /* PBXTargetDependency */ = {
			isa = PBXTargetDependency;
			target = A308057C2AADE0E99D80AAF4 /* PrepFlow */;
			targetProxy = 44D462B00570A3BE4AC9BB8E /* PBXContainerItemProxy */;
		};
/* End PBXTargetDependency section */

/* Begin XCBuildConfiguration section */
		2AF607E605B42E38DBE2E9D9 /* Release */ = {
			isa = XCBuildConfiguration;
			buildSettings = {
				BUNDLE_LOADER = "$(TEST_HOST)";
				GENERATE_INFOPLIST_FILE = YES;
				LD_RUNPATH_SEARCH_PATHS = (
					"$(inherited)",
					"@executable_path/Frameworks",
					"@loader_path/Frameworks",
				);
				PRODUCT_BUNDLE_IDENTIFIER = com.prepflow.PrepFlowSnapshotTests;
				SDKROOT = iphoneos;
				SWIFT_VERSION = 6.0;
				TARGETED_DEVICE_FAMILY = "1,2";
				TEST_HOST = "$(BUILT_PRODUCTS_DIR)/PrepFlow.app/PrepFlow";
			};
			name = Release;
		};
		2D6FFFD1AF222C16BAC7619A /* Release */ = {
			isa = XCBuildConfiguration;
			buildSettings = {
				ALWAYS_SEARCH_USER_PATHS = NO;
				CLANG_ANALYZER_NONNULL = YES;
				CLANG_ANALYZER_NUMBER_OBJECT_CONVERSION = YES_AGGRESSIVE;
				CLANG_CXX_LANGUAGE_STANDARD = "gnu++14";
				CLANG_CXX_LIBRARY = "libc++";
				CLANG_ENABLE_MODULES = YES;
				CLANG_ENABLE_OBJC_ARC = YES;
				CLANG_ENABLE_OBJC_WEAK = YES;
				CLANG_WARN_BLOCK_CAPTURE_AUTORELEASING = YES;
				CLANG_WARN_BOOL_CONVERSION = YES;
				CLANG_WARN_COMMA = YES;
				CLANG_WARN_CONSTANT_CONVERSION = YES;
				CLANG_WARN_DEPRECATED_OBJC_IMPLEMENTATIONS = YES;
				CLANG_WARN_DIRECT_OBJC_ISA_USAGE = YES_ERROR;
				CLANG_WARN_DOCUMENTATION_COMMENTS = YES;
				CLANG_WARN_EMPTY_BODY = YES;
				CLANG_WARN_ENUM_CONVERSION = YES;
				CLANG_WARN_INFINITE_RECURSION = YES;
				CLANG_WARN_INT_CONVERSION = YES;
				CLANG_WARN_NON_LITERAL_NULL_CONVERSION = YES;
				CLANG_WARN_OBJC_IMPLICIT_RETAIN_SELF = YES;
				CLANG_WARN_OBJC_LITERAL_CONVERSION = YES;
				CLANG_WARN_OBJC_ROOT_CLASS = YES_ERROR;
				CLANG_WARN_QUOTED_INCLUDE_IN_FRAMEWORK_HEADER = YES;
				CLANG_WARN_RANGE_LOOP_ANALYSIS = YES;
				CLANG_WARN_STRICT_PROTOTYPES = YES;
				CLANG_WARN_SUSPICIOUS_MOVE = YES;
				CLANG_WARN_UNGUARDED_AVAILABILITY = YES_AGGRESSIVE;
				CLANG_WARN_UNREACHABLE_CODE = YES;
				CLANG_WARN__DUPLICATE_METHOD_MATCH = YES;
				COPY_PHASE_STRIP = NO;
				DEBUG_INFORMATION_FORMAT = "dwarf-with-dsym";
				ENABLE_NS_ASSERTIONS = NO;
				ENABLE_STRICT_OBJC_MSGSEND = YES;
				GCC_C_LANGUAGE_STANDARD = gnu11;
				GCC_NO_COMMON_BLOCKS = YES;
				GCC_WARN_64_TO_32_BIT_CONVERSION = YES;
				GCC_WARN_ABOUT_RETURN_TYPE = YES_ERROR;
				GCC_WARN_UNDECLARED_SELECTOR = YES;
				GCC_WARN_UNINITIALIZED_AUTOS = YES_AGGRESSIVE;
				GCC_WARN_UNUSED_FUNCTION = YES;
				GCC_WARN_UNUSED_VARIABLE = YES;
				IPHONEOS_DEPLOYMENT_TARGET = 26.0;
				MTL_ENABLE_DEBUG_INFO = NO;
				MTL_FAST_MATH = YES;
				PRODUCT_NAME = "$(TARGET_NAME)";
				SDKROOT = iphoneos;
				SWIFT_COMPILATION_MODE = wholemodule;
				SWIFT_OPTIMIZATION_LEVEL = "-O";
				SWIFT_VERSION = 5.0;
			};
			name = Release;
		};
		3BEB96C3F3C39A12475FF80D /* Release */ = {
			isa = XCBuildConfiguration;
			buildSettings = {
				ASSETCATALOG_COMPILER_APPICON_NAME = AppIcon;
				CODE_SIGN_IDENTITY = "iPhone Developer";
				GENERATE_INFOPLIST_FILE = NO;
				INFOPLIST_FILE = Sources/PrepFlow/Info.plist;
				LD_RUNPATH_SEARCH_PATHS = (
					"$(inherited)",
					"@executable_path/Frameworks",
				);
				PRODUCT_BUNDLE_IDENTIFIER = com.prepflow.app;
				SDKROOT = iphoneos;
				SUPPORTS_MACCATALYST = NO;
				SWIFT_VERSION = 6.0;
				TARGETED_DEVICE_FAMILY = 2;
			};
			name = Release;
		};
		8FC253CBC9B644DC847F4667 /* Debug */ = {
			isa = XCBuildConfiguration;
			buildSettings = {
				BUNDLE_LOADER = "$(TEST_HOST)";
				GENERATE_INFOPLIST_FILE = YES;
				LD_RUNPATH_SEARCH_PATHS = (
					"$(inherited)",
					"@executable_path/Frameworks",
					"@loader_path/Frameworks",
				);
				PRODUCT_BUNDLE_IDENTIFIER = com.prepflow.PrepFlowSnapshotTests;
				SDKROOT = iphoneos;
				SWIFT_VERSION = 6.0;
				TARGETED_DEVICE_FAMILY = "1,2";
				TEST_HOST = "$(BUILT_PRODUCTS_DIR)/PrepFlow.app/PrepFlow";
			};
			name = Debug;
		};
		E8A137D9EC894605DDC0D2DD /* Debug */ = {
			isa = XCBuildConfiguration;
			buildSettings = {
				ALWAYS_SEARCH_USER_PATHS = NO;
				CLANG_ANALYZER_NONNULL = YES;
				CLANG_ANALYZER_NUMBER_OBJECT_CONVERSION = YES_AGGRESSIVE;
				CLANG_CXX_LANGUAGE_STANDARD = "gnu++14";
				CLANG_CXX_LIBRARY = "libc++";
				CLANG_ENABLE_MODULES = YES;
				CLANG_ENABLE_OBJC_ARC = YES;
				CLANG_ENABLE_OBJC_WEAK = YES;
				CLANG_WARN_BLOCK_CAPTURE_AUTORELEASING = YES;
				CLANG_WARN_BOOL_CONVERSION = YES;
				CLANG_WARN_COMMA = YES;
				CLANG_WARN_CONSTANT_CONVERSION = YES;
				CLANG_WARN_DEPRECATED_OBJC_IMPLEMENTATIONS = YES;
				CLANG_WARN_DIRECT_OBJC_ISA_USAGE = YES_ERROR;
				CLANG_WARN_DOCUMENTATION_COMMENTS = YES;
				CLANG_WARN_EMPTY_BODY = YES;
				CLANG_WARN_ENUM_CONVERSION = YES;
				CLANG_WARN_INFINITE_RECURSION = YES;
				CLANG_WARN_INT_CONVERSION = YES;
				CLANG_WARN_NON_LITERAL_NULL_CONVERSION = YES;
				CLANG_WARN_OBJC_IMPLICIT_RETAIN_SELF = YES;
				CLANG_WARN_OBJC_LITERAL_CONVERSION = YES;
				CLANG_WARN_OBJC_ROOT_CLASS = YES_ERROR;
				CLANG_WARN_QUOTED_INCLUDE_IN_FRAMEWORK_HEADER = YES;
				CLANG_WARN_RANGE_LOOP_ANALYSIS = YES;
				CLANG_WARN_STRICT_PROTOTYPES = YES;
				CLANG_WARN_SUSPICIOUS_MOVE = YES;
				CLANG_WARN_UNGUARDED_AVAILABILITY = YES_AGGRESSIVE;
				CLANG_WARN_UNREACHABLE_CODE = YES;
				CLANG_WARN__DUPLICATE_METHOD_MATCH = YES;
				COPY_PHASE_STRIP = NO;
				DEBUG_INFORMATION_FORMAT = dwarf;
				ENABLE_STRICT_OBJC_MSGSEND = YES;
				ENABLE_TESTABILITY = YES;
				GCC_C_LANGUAGE_STANDARD = gnu11;
				GCC_DYNAMIC_NO_PIC = NO;
				GCC_NO_COMMON_BLOCKS = YES;
				GCC_OPTIMIZATION_LEVEL = 0;
				GCC_PREPROCESSOR_DEFINITIONS = (
					"$(inherited)",
					"DEBUG=1",
				);
				GCC_WARN_64_TO_32_BIT_CONVERSION = YES;
				GCC_WARN_ABOUT_RETURN_TYPE = YES_ERROR;
				GCC_WARN_UNDECLARED_SELECTOR = YES;
				GCC_WARN_UNINITIALIZED_AUTOS = YES_AGGRESSIVE;
				GCC_WARN_UNUSED_FUNCTION = YES;
				GCC_WARN_UNUSED_VARIABLE = YES;
				IPHONEOS_DEPLOYMENT_TARGET = 26.0;
				MTL_ENABLE_DEBUG_INFO = INCLUDE_SOURCE;
				MTL_FAST_MATH = YES;
				ONLY_ACTIVE_ARCH = YES;
				PRODUCT_NAME = "$(TARGET_NAME)";
				SDKROOT = iphoneos;
				SWIFT_ACTIVE_COMPILATION_CONDITIONS = DEBUG;
				SWIFT_OPTIMIZATION_LEVEL = "-Onone";
				SWIFT_VERSION = 5.0;
			};
			name = Debug;
		};
		EF3755BAA8EAE9D5640F0BAE /* Debug */ = {
			isa = XCBuildConfiguration;
			buildSettings = {
				ASSETCATALOG_COMPILER_APPICON_NAME = AppIcon;
				CODE_SIGN_IDENTITY = "iPhone Developer";
				GENERATE_INFOPLIST_FILE = NO;
				INFOPLIST_FILE = Sources/PrepFlow/Info.plist;
				LD_RUNPATH_SEARCH_PATHS = (
					"$(inherited)",
					"@executable_path/Frameworks",
				);
				PRODUCT_BUNDLE_IDENTIFIER = com.prepflow.app;
				SDKROOT = iphoneos;
				SUPPORTS_MACCATALYST = NO;
				SWIFT_VERSION = 6.0;
				TARGETED_DEVICE_FAMILY = 2;
			};
			name = Debug;
		};
/* End XCBuildConfiguration section */

/* Begin XCConfigurationList section */
		1857AAD3437DD15CB7479637 /* Build configuration list for PBXNativeTarget "PrepFlow" */ = {
			isa = XCConfigurationList;
			buildConfigurations = (
				EF3755BAA8EAE9D5640F0BAE /* Debug */,
				3BEB96C3F3C39A12475FF80D /* Release */,
			);
			defaultConfigurationIsVisible = 0;
			defaultConfigurationName = Debug;
		};
		2AD88BE5F6FC08D362309B92 /* Build configuration list for PBXProject "PrepFlow" */ = {
			isa = XCConfigurationList;
			buildConfigurations = (
				E8A137D9EC894605DDC0D2DD /* Debug */,
				2D6FFFD1AF222C16BAC7619A /* Release */,
			);
			defaultConfigurationIsVisible = 0;
			defaultConfigurationName = Debug;
		};
		6BF55EA1CC5AA1891C6F4CFD /* Build configuration list for PBXNativeTarget "PrepFlowSnapshotTests" */ = {
			isa = XCConfigurationList;
			buildConfigurations = (
				8FC253CBC9B644DC847F4667 /* Debug */,
				2AF607E605B42E38DBE2E9D9 /* Release */,
			);
			defaultConfigurationIsVisible = 0;
			defaultConfigurationName = Debug;
		};
/* End XCConfigurationList section */

/* Begin XCLocalSwiftPackageReference section */
		1A55304835E7B129614A6BFB /* XCLocalSwiftPackageReference "../../packages/DesignTokens" */ = {
			isa = XCLocalSwiftPackageReference;
			relativePath = ../../packages/DesignTokens;
		};
		8177316BF035120366801A11 /* XCLocalSwiftPackageReference "../../packages/Data" */ = {
			isa = XCLocalSwiftPackageReference;
			relativePath = ../../packages/Data;
		};
		D9084B662DFD57D3E371936F /* XCLocalSwiftPackageReference "../../packages/Engine" */ = {
			isa = XCLocalSwiftPackageReference;
			relativePath = ../../packages/Engine;
		};
/* End XCLocalSwiftPackageReference section */

/* Begin XCRemoteSwiftPackageReference section */
		C6C0EC4F51C13B17240CD7BB /* XCRemoteSwiftPackageReference "GRDB.swift" */ = {
			isa = XCRemoteSwiftPackageReference;
			repositoryURL = "https://github.com/groue/GRDB.swift";
			requirement = {
				kind = upToNextMajorVersion;
				minimumVersion = 7.0.0;
			};
		};
		DD60AEB93090132F9F74C244 /* XCRemoteSwiftPackageReference "swift-snapshot-testing" */ = {
			isa = XCRemoteSwiftPackageReference;
			repositoryURL = "https://github.com/pointfreeco/swift-snapshot-testing";
			requirement = {
				kind = revision;
				revision = ad5e3190cc63dc288f28546f9c6827efc1e9d495;
			};
		};
/* End XCRemoteSwiftPackageReference section */

/* Begin XCSwiftPackageProductDependency section */
		4148D17EBFB395CB2B006372 /* SnapshotTesting */ = {
			isa = XCSwiftPackageProductDependency;
			package = DD60AEB93090132F9F74C244 /* XCRemoteSwiftPackageReference "swift-snapshot-testing" */;
			productName = SnapshotTesting;
		};
		475D07E15555007BBAEB0322 /* PrepFlowData */ = {
			isa = XCSwiftPackageProductDependency;
			productName = PrepFlowData;
		};
		4B5BE6B6F56F2F54D5ACF099 /* GRDB */ = {
			isa = XCSwiftPackageProductDependency;
			package = C6C0EC4F51C13B17240CD7BB /* XCRemoteSwiftPackageReference "GRDB.swift" */;
			productName = GRDB;
		};
		6043540F4C5A1B1E89EE6563 /* Engine */ = {
			isa = XCSwiftPackageProductDependency;
			productName = Engine;
		};
		88998BC35820AF2F6BF224FE /* PrepFlowData */ = {
			isa = XCSwiftPackageProductDependency;
			productName = PrepFlowData;
		};
		8A23825344FB0224673C2952 /* Engine */ = {
			isa = XCSwiftPackageProductDependency;
			productName = Engine;
		};
		EBCEF50B54D8E7617B365016 /* DesignTokens */ = {
			isa = XCSwiftPackageProductDependency;
			productName = DesignTokens;
		};
/* End XCSwiftPackageProductDependency section */
	};
	rootObject = 92E7D620C60D7B855CE99749 /* Project object */;
}
